
Microsoft Visual Studio Solution File, Format Version 12.00
# Visual Studio Version 17
VisualStudioVersion = 17.7.34202.233
MinimumVisualStudioVersion = 10.0.40219.1
Project("{FAE04EC0-301F-11D3-BF4B-00C04F79EFBC}") = "BattleShips", "BattleShips\BattleShips.csproj", "{F71B7E41-DC26-4960-ADA3-59AC355FEB86}"
EndProject
Global
	GlobalSection(SolutionConfigurationPlatforms) = preSolution
		Debug|Any CPU = Debug|Any CPU
		Release|Any CPU = Release|Any CPU
	EndGlobalSection
	GlobalSection(ProjectConfigurationPlatforms) = postSolution
		{F71B7E41-DC26-4960-ADA3-59AC355FEB86}.Debug|Any CPU.ActiveCfg = Debug|Any CPU
		{F71B7E41-DC26-4960-ADA3-59AC355FEB86}.Debug|Any CPU.Build.0 = Debug|Any CPU
		{F71B7E41-DC26-4960-ADA3-59AC355FEB86}.Release|Any CPU.ActiveCfg = Release|Any CPU
		{F71B7E41-DC26-4960-ADA3-59AC355FEB86}.Release|Any CPU.Build.0 = Release|Any CPU
	EndGlobalSection
	GlobalSection(SolutionProperties) = preSolution
		HideSolutionNode = FALSE
	EndGlobalSection
	GlobalSection(ExtensibilityGlobals) = postSolution
		SolutionGuid = {917C0B9D-E3AF-4D11-955D-7756EE10815A}
	EndGlobalSection
EndGlobal
